// !$*UTF8*$!
{
	archiveVersion = 1;
	classes = {
	};
	objectVersion = 50;
	objects = {

/* Begin PBXBuildFile section */
		0EE49EA146E808BAEEC25322 /* libPods-APITemplateProject_OC.a in Frameworks */ = {isa = PBXBuildFile; fileRef = 6BE93E48D523353FC5D1D007 /* libPods-APITemplateProject_OC.a */; };
		4A8E785A223FDCA8002C0806 /* AppDelegate.m in Sources */ = {isa = PBXBuildFile; fileRef = 4A8E7859223FDCA8002C0806 /* AppDelegate.m */; };
		4A8E7860223FDCA8002C0806 /* Main.storyboard in Resources */ = {isa = PBXBuildFile; fileRef = 4A8E785E223FDCA8002C0806 /* Main.storyboard */; };
		4A8E7862223FDCA8002C0806 /* Assets.xcassets in Resources */ = {isa = PBXBuildFile; fileRef = 4A8E7861223FDCA8002C0806 /* Assets.xcassets */; };
		4A8E7865223FDCA8002C0806 /* LaunchScreen.storyboard in Resources */ = {isa = PBXBuildFile; fileRef = 4A8E7863223FDCA8002C0806 /* LaunchScreen.storyboard */; };
		4A8E7868223FDCA8002C0806 /* main.m in Sources */ = {isa = PBXBuildFile; fileRef = 4A8E7867223FDCA8002C0806 /* main.m */; };
		4A8E7875223FE894002C0806 /* ViewController.m in Sources */ = {isa = PBXBuildFile; fileRef = 4A8E7873223FE893002C0806 /* ViewController.m */; };
		4A8E787A223FE8E2002C0806 /* __ServiceName__.m in Sources */ = {isa = PBXBuildFile; fileRef = 4A8E7879223FE8E2002C0806 /* __ServiceName__.m */; };
/* End PBXBuildFile section */

/* Begin PBXFileReference section */
		000B70B04D61C98E8690A48A /* Pods-APITemplateProject_OC.release.xcconfig */ = {isa = PBXFileReference; includeInIndex = 1; lastKnownFileType = text.xcconfig; name = "Pods-APITemplateProject_OC.release.xcconfig"; path = "Target Support Files/Pods-APITemplateProject_OC/Pods-APITemplateProject_OC.release.xcconfig"; sourceTree = "<group>"; };
		273D7BC7637CF1F85455A7AD /* Pods-APITemplateProject_OC.debug.xcconfig */ = {isa = PBXFileReference; includeInIndex = 1; lastKnownFileType = text.xcconfig; name = "Pods-APITemplateProject_OC.debug.xcconfig"; path = "Target Support Files/Pods-APITemplateProject_OC/Pods-APITemplateProject_OC.debug.xcconfig"; sourceTree = "<group>"; };
		4A8E7855223FDCA8002C0806 /* APITemplateProject_OC.app */ = {isa = PBXFileReference; explicitFileType = wrapper.application; includeInIndex = 0; path = APITemplateProject_OC.app; sourceTree = BUILT_PRODUCTS_DIR; };
		4A8E7858223FDCA8002C0806 /* AppDelegate.h */ = {isa = PBXFileReference; lastKnownFileType = sourcecode.c.h; path = AppDelegate.h; sourceTree = "<group>"; };
		4A8E7859223FDCA8002C0806 /* AppDelegate.m */ = {isa = PBXFileReference; lastKnownFileType = sourcecode.c.objc; path = AppDelegate.m; sourceTree = "<group>"; };
		4A8E785F223FDCA8002C0806 /* Base */ = {isa = PBXFileReference; lastKnownFileType = file.storyboard; name = Base; path = Base.lproj/Main.storyboard; sourceTree = "<group>"; };
		4A8E7861223FDCA8002C0806 /* Assets.xcassets */ = {isa = PBXFileReference; lastKnownFileType = folder.assetcatalog; path = Assets.xcassets; sourceTree = "<group>"; };
		4A8E7864223FDCA8002C0806 /* Base */ = {isa = PBXFileReference; lastKnownFileType = file.storyboard; name = Base; path = Base.lproj/LaunchScreen.storyboard; sourceTree = "<group>"; };
		4A8E7866223FDCA8002C0806 /* Info.plist */ = {isa = PBXFileReference; lastKnownFileType = text.plist.xml; path = Info.plist; sourceTree = "<group>"; };
		4A8E7867223FDCA8002C0806 /* main.m */ = {isa = PBXFileReference; lastKnownFileType = sourcecode.c.objc; path = main.m; sourceTree = "<group>"; };
		4A8E7873223FE893002C0806 /* ViewController.m */ = {isa = PBXFileReference; fileEncoding = 4; lastKnownFileType = sourcecode.c.objc; path = ViewController.m; sourceTree = "<group>"; };
		4A8E7874223FE893002C0806 /* ViewController.h */ = {isa = PBXFileReference; fileEncoding = 4; lastKnownFileType = sourcecode.c.h; path = ViewController.h; sourceTree = "<group>"; };
		4A8E7878223FE8E2002C0806 /* __ServiceName__.h */ = {isa = PBXFileReference; lastKnownFileType = sourcecode.c.h; path = __ServiceName__.h; sourceTree = "<group>"; };
		4A8E7879223FE8E2002C0806 /* __ServiceName__.m */ = {isa = PBXFileReference; lastKnownFileType = sourcecode.c.objc; path = __ServiceName__.m; sourceTree = "<group>"; };
		6BE93E48D523353FC5D1D007 /* libPods-APITemplateProject_OC.a */ = {isa = PBXFileReference; explicitFileType = archive.ar; includeInIndex = 0; path = "libPods-APITemplateProject_OC.a"; sourceTree = BUILT_PRODUCTS_DIR; };
/* End PBXFileReference section */

/* Begin PBXFrameworksBuildPhase section */
		4A8E7852223FDCA8002C0806 /* Frameworks */ = {
			isa = PBXFrameworksBuildPhase;
			buildActionMask = 2147483647;
			files = (
				0EE49EA146E808BAEEC25322 /* libPods-APITemplateProject_OC.a in Frameworks */,
			);
			runOnlyForDeploymentPostprocessing = 0;
		};
/* End PBXFrameworksBuildPhase section */

/* Begin PBXGroup section */
		4A8E784C223FDCA8002C0806 = {
			isa = PBXGroup;
			children = (
				4A8E7857223FDCA8002C0806 /* APITemplateProject_OC */,
				4A8E7856223FDCA8002C0806 /* Products */,
				A7F189B45ADBFE009B41E0AF /* Pods */,
				FE42B9173D9A8E5CD9DAF938 /* Frameworks */,
			);
			sourceTree = "<group>";
		};
		4A8E7856223FDCA8002C0806 /* Products */ = {
			isa = PBXGroup;
			children = (
				4A8E7855223FDCA8002C0806 /* APITemplateProject_OC.app */,
			);
			name = Products;
			sourceTree = "<group>";
		};
		4A8E7857223FDCA8002C0806 /* APITemplateProject_OC */ = {
			isa = PBXGroup;
			children = (
				4A8E786E223FE7EE002C0806 /* APITemplateProject_OC */,
				4A8E7871223FE893002C0806 /* Demo */,
				4A8E7858223FDCA8002C0806 /* AppDelegate.h */,
				4A8E7859223FDCA8002C0806 /* AppDelegate.m */,
				4A8E785E223FDCA8002C0806 /* Main.storyboard */,
				4A8E7861223FDCA8002C0806 /* Assets.xcassets */,
				4A8E7863223FDCA8002C0806 /* LaunchScreen.storyboard */,
				4A8E7866223FDCA8002C0806 /* Info.plist */,
				4A8E7867223FDCA8002C0806 /* main.m */,
			);
			path = APITemplateProject_OC;
			sourceTree = "<group>";
		};
		4A8E786E223FE7EE002C0806 /* APITemplateProject_OC */ = {
			isa = PBXGroup;
			children = (
				4A8E7876223FE8B6002C0806 /* Groups */,
				4A8E7877223FE8B6002C0806 /* Service */,
			);
			path = APITemplateProject_OC;
			sourceTree = "<group>";
		};
		4A8E7871223FE893002C0806 /* Demo */ = {
			isa = PBXGroup;
			children = (
				4A8E7872223FE893002C0806 /* ViewController */,
			);
			path = Demo;
			sourceTree = "<group>";
		};
		4A8E7872223FE893002C0806 /* ViewController */ = {
			isa = PBXGroup;
			children = (
				4A8E7873223FE893002C0806 /* ViewController.m */,
				4A8E7874223FE893002C0806 /* ViewController.h */,
			);
			path = ViewController;
			sourceTree = "<group>";
		};
		4A8E7876223FE8B6002C0806 /* Groups */ = {
			isa = PBXGroup;
			children = (
			);
			path = Groups;
			sourceTree = "<group>";
		};
		4A8E7877223FE8B6002C0806 /* Service */ = {
			isa = PBXGroup;
			children = (
				4A8E7878223FE8E2002C0806 /* __ServiceName__.h */,
				4A8E7879223FE8E2002C0806 /* __ServiceName__.m */,
			);
			path = Service;
			sourceTree = "<group>";
		};
		A7F189B45ADBFE009B41E0AF /* Pods */ = {
			isa = PBXGroup;
			children = (
				273D7BC7637CF1F85455A7AD /* Pods-APITemplateProject_OC.debug.xcconfig */,
				000B70B04D61C98E8690A48A /* Pods-APITemplateProject_OC.release.xcconfig */,
			);
			name = Pods;
			path = Pods;
			sourceTree = "<group>";
		};
		FE42B9173D9A8E5CD9DAF938 /* Frameworks */ = {
			isa = PBXGroup;
			children = (
				6BE93E48D523353FC5D1D007 /* libPods-APITemplateProject_OC.a */,
			);
			name = Frameworks;
			sourceTree = "<group>";
		};
/* End PBXGroup section */

/* Begin PBXNativeTarget section */
		4A8E7854223FDCA8002C0806 /* APITemplateProject_OC */ = {
			isa = PBXNativeTarget;
			buildConfigurationList = 4A8E786B223FDCA8002C0806 /* Build configuration list for PBXNativeTarget "APITemplateProject_OC" */;
			buildPhases = (
				6F61AD36720F2A646A1E4E57 /* [CP] Check Pods Manifest.lock */,
				4A8E7851223FDCA8002C0806 /* Sources */,
				4A8E7852223FDCA8002C0806 /* Frameworks */,
				4A8E7853223FDCA8002C0806 /* Resources */,
			);
			buildRules = (
			);
			dependencies = (
			);
			name = APITemplateProject_OC;
			productName = APITemplateProject_OC;
			productReference = 4A8E7855223FDCA8002C0806 /* APITemplateProject_OC.app */;
			productType = "com.apple.product-type.application";
		};
/* End PBXNativeTarget section */

/* Begin PBXProject section */
		4A8E784D223FDCA8002C0806 /* Project object */ = {
			isa = PBXProject;
			attributes = {
				LastUpgradeCheck = 1010;
				ORGANIZATIONNAME = casa;
				TargetAttributes = {
					4A8E7854223FDCA8002C0806 = {
						CreatedOnToolsVersion = 10.1;
					};
				};
			};
			buildConfigurationList = 4A8E7850223FDCA8002C0806 /* Build configuration list for PBXProject "APITemplateProject_OC" */;
			compatibilityVersion = "Xcode 9.3";
			developmentRegion = en;
			hasScannedForEncodings = 0;
			knownRegions = (
				en,
				Base,
			);
			mainGroup = 4A8E784C223FDCA8002C0806;
			productRefGroup = 4A8E7856223FDCA8002C0806 /* Products */;
			projectDirPath = "";
			projectRoot = "";
			targets = (
				4A8E7854223FDCA8002C0806 /* APITemplateProject_OC */,
			);
		};
/* End PBXProject section */

/* Begin PBXResourcesBuildPhase section */
		4A8E7853223FDCA8002C0806 /* Resources */ = {
			isa = PBXResourcesBuildPhase;
			buildActionMask = 2147483647;
			files = (
				4A8E7865223FDCA8002C0806 /* LaunchScreen.storyboard in Resources */,
				4A8E7862223FDCA8002C0806 /* Assets.xcassets in Resources */,
				4A8E7860223FDCA8002C0806 /* Main.storyboard in Resources */,
			);
			runOnlyForDeploymentPostprocessing = 0;
		};
/* End PBXResourcesBuildPhase section */

/* Begin PBXShellScriptBuildPhase section */
		6F61AD36720F2A646A1E4E57 /* [CP] Check Pods Manifest.lock */ = {
			isa = PBXShellScriptBuildPhase;
			buildActionMask = 2147483647;
			files = (
			);
			inputFileListPaths = (
			);
			inputPaths = (
				"${PODS_PODFILE_DIR_PATH}/Podfile.lock",
				"${PODS_ROOT}/Manifest.lock",
			);
			name = "[CP] Check Pods Manifest.lock";
			outputFileListPaths = (
			);
			outputPaths = (
				"$(DERIVED_FILE_DIR)/Pods-APITemplateProject_OC-checkManifestLockResult.txt",
			);
			runOnlyForDeploymentPostprocessing = 0;
			shellPath = /bin/sh;
			shellScript = "diff \"${PODS_PODFILE_DIR_PATH}/Podfile.lock\" \"${PODS_ROOT}/Manifest.lock\" > /dev/null\nif [ $? != 0 ] ; then\n    # print error to STDERR\n    echo \"error: The sandbox is not in sync with the Podfile.lock. Run 'pod install' or update your CocoaPods installation.\" >&2\n    exit 1\nfi\n# This output is used by Xcode 'outputs' to avoid re-running this script phase.\necho \"SUCCESS\" > \"${SCRIPT_OUTPUT_FILE_0}\"\n";
			showEnvVarsInLog = 0;
		};
/* End PBXShellScriptBuildPhase section */

/* Begin PBXSourcesBuildPhase section */
		4A8E7851223FDCA8002C0806 /* Sources */ = {
			isa = PBXSourcesBuildPhase;
			buildActionMask = 2147483647;
			files = (
				4A8E7875223FE894002C0806 /* ViewController.m in Sources */,
				4A8E7868223FDCA8002C0806 /* main.m in Sources */,
				4A8E787A223FE8E2002C0806 /* __ServiceName__.m in Sources */,
				4A8E785A223FDCA8002C0806 /* AppDelegate.m in Sources */,
			);
			runOnlyForDeploymentPostprocessing = 0;
		};
/* End PBXSourcesBuildPhase section */

/* Begin PBXVariantGroup section */
		4A8E785E223FDCA8002C0806 /* Main.storyboard */ = {
			isa = PBXVariantGroup;
			children = (
				4A8E785F223FDCA8002C0806 /* Base */,
			);
			name = Main.storyboard;
			sourceTree = "<group>";
		};
		4A8E7863223FDCA8002C0806 /* LaunchScreen.storyboard */ = {
			isa = PBXVariantGroup;
			children = (
				4A8E7864223FDCA8002C0806 /* Base */,
			);
			name = LaunchScreen.storyboard;
			sourceTree = "<group>";
		};
/* End PBXVariantGroup section */

/* Begin XCBuildConfiguration section */
		4A8E7869223FDCA8002C0806 /* Debug */ = {
			isa = XCBuildConfiguration;
			buildSettings = {
				ALWAYS_SEARCH_USER_PATHS = NO;
				CLANG_ANALYZER_NONNULL = YES;
				CLANG_ANALYZER_NUMBER_OBJECT_CONVERSION = YES_AGGRESSIVE;
				CLANG_CXX_LANGUAGE_STANDARD = "gnu++14";
				CLANG_CXX_LIBRARY = "libc++";
				CLANG_ENABLE_MODULES = YES;
				CLANG_ENABLE_OBJC_ARC = YES;
				CLANG_ENABLE_OBJC_WEAK = YES;
				CLANG_WARN_BLOCK_CAPTURE_AUTORELEASING = YES;
				CLANG_WARN_BOOL_CONVERSION = YES;
				CLANG_WARN_COMMA = YES;
				CLANG_WARN_CONSTANT_CONVERSION = YES;
				CLANG_WARN_DEPRECATED_OBJC_IMPLEMENTATIONS = YES;
				CLANG_WARN_DIRECT_OBJC_ISA_USAGE = YES_ERROR;
				CLANG_WARN_DOCUMENTATION_COMMENTS = YES;
				CLANG_WARN_EMPTY_BODY = YES;
				CLANG_WARN_ENUM_CONVERSION = YES;
				CLANG_WARN_INFINITE_RECURSION = YES;
				CLANG_WARN_INT_CONVERSION = YES;
				CLANG_WARN_NON_LITERAL_NULL_CONVERSION = YES;
				CLANG_WARN_OBJC_IMPLICIT_RETAIN_SELF = YES;
				CLANG_WARN_OBJC_LITERAL_CONVERSION = YES;
				CLANG_WARN_OBJC_ROOT_CLASS = YES_ERROR;
				CLANG_WARN_RANGE_LOOP_ANALYSIS = YES;
				CLANG_WARN_STRICT_PROTOTYPES = YES;
				CLANG_WARN_SUSPICIOUS_MOVE = YES;
				CLANG_WARN_UNGUARDED_AVAILABILITY = YES_AGGRESSIVE;
				CLANG_WARN_UNREACHABLE_CODE = YES;
				CLANG_WARN__DUPLICATE_METHOD_MATCH = YES;
				CODE_SIGN_IDENTITY = "iPhone Developer";
				COPY_PHASE_STRIP = NO;
				DEBUG_INFORMATION_FORMAT = dwarf;
				ENABLE_STRICT_OBJC_MSGSEND = YES;
				ENABLE_TESTABILITY = YES;
				GCC_C_LANGUAGE_STANDARD = gnu11;
				GCC_DYNAMIC_NO_PIC = NO;
				GCC_NO_COMMON_BLOCKS = YES;
				GCC_OPTIMIZATION_LEVEL = 0;
				GCC_PREPROCESSOR_DEFINITIONS = (
					"DEBUG=1",
					"$(inherited)",
				);
				GCC_WARN_64_TO_32_BIT_CONVERSION = YES;
				GCC_WARN_ABOUT_RETURN_TYPE = YES_ERROR;
				GCC_WARN_UNDECLARED_SELECTOR = YES;
				GCC_WARN_UNINITIALIZED_AUTOS = YES_AGGRESSIVE;
				GCC_WARN_UNUSED_FUNCTION = YES;
				GCC_WARN_UNUSED_VARIABLE = YES;
				IPHONEOS_DEPLOYMENT_TARGET = 12.1;
				MTL_ENABLE_DEBUG_INFO = INCLUDE_SOURCE;
				MTL_FAST_MATH = YES;
				ONLY_ACTIVE_ARCH = YES;
				SDKROOT = iphoneos;
			};
			name = Debug;
		};
		4A8E786A223FDCA8002C0806 /* Release */ = {
			isa = XCBuildConfiguration;
			buildSettings = {
				ALWAYS_SEARCH_USER_PATHS = NO;
				CLANG_ANALYZER_NONNULL = YES;
				CLANG_ANALYZER_NUMBER_OBJECT_CONVERSION = YES_AGGRESSIVE;
				CLANG_CXX_LANGUAGE_STANDARD = "gnu++14";
				CLANG_CXX_LIBRARY = "libc++";
				CLANG_ENABLE_MODULES = YES;
				CLANG_ENABLE_OBJC_ARC = YES;
				CLANG_ENABLE_OBJC_WEAK = YES;
				CLANG_WARN_BLOCK_CAPTURE_AUTORELEASING = YES;
				CLANG_WARN_BOOL_CONVERSION = YES;
				CLANG_WARN_COMMA = YES;
				CLANG_WARN_CONSTANT_CONVERSION = YES;
				CLANG_WARN_DEPRECATED_OBJC_IMPLEMENTATIONS = YES;
				CLANG_WARN_DIRECT_OBJC_ISA_USAGE = YES_ERROR;
				CLANG_WARN_DOCUMENTATION_COMMENTS = YES;
				CLANG_WARN_EMPTY_BODY = YES;
				CLANG_WARN_ENUM_CONVERSION = YES;
				CLANG_WARN_INFINITE_RECURSION = YES;
				CLANG_WARN_INT_CONVERSION = YES;
				CLANG_WARN_NON_LITERAL_NULL_CONVERSION = YES;
				CLANG_WARN_OBJC_IMPLICIT_RETAIN_SELF = YES;
				CLANG_WARN_OBJC_LITERAL_CONVERSION = YES;
				CLANG_WARN_OBJC_ROOT_CLASS = YES_ERROR;
				CLANG_WARN_RANGE_LOOP_ANALYSIS = YES;
				CLANG_WARN_STRICT_PROTOTYPES = YES;
				CLANG_WARN_SUSPICIOUS_MOVE = YES;
				CLANG_WARN_UNGUARDED_AVAILABILITY = YES_AGGRESSIVE;
				CLANG_WARN_UNREACHABLE_CODE = YES;
				CLANG_WARN__DUPLICATE_METHOD_MATCH = YES;
				CODE_SIGN_IDENTITY = "iPhone Developer";
				COPY_PHASE_STRIP = NO;
				DEBUG_INFORMATION_FORMAT = "dwarf-with-dsym";
				ENABLE_NS_ASSERTIONS = NO;
				ENABLE_STRICT_OBJC_MSGSEND = YES;
				GCC_C_LANGUAGE_STANDARD = gnu11;
				GCC_NO_COMMON_BLOCKS = YES;
				GCC_WARN_64_TO_32_BIT_CONVERSION = YES;
				GCC_WARN_ABOUT_RETURN_TYPE = YES_ERROR;
				GCC_WARN_UNDECLARED_SELECTOR = YES;
				GCC_WARN_UNINITIALIZED_AUTOS = YES_AGGRESSIVE;
				GCC_WARN_UNUSED_FUNCTION = YES;
				GCC_WARN_UNUSED_VARIABLE = YES;
				IPHONEOS_DEPLOYMENT_TARGET = 12.1;
				MTL_ENABLE_DEBUG_INFO = NO;
				MTL_FAST_MATH = YES;
				SDKROOT = iphoneos;
				VALIDATE_PRODUCT = YES;
			};
			name = Release;
		};
		4A8E786C223FDCA8002C0806 /* Debug */ = {
			isa = XCBuildConfiguration;
			baseConfigurationReference = 273D7BC7637CF1F85455A7AD /* Pods-APITemplateProject_OC.debug.xcconfig */;
			buildSettings = {
				ASSETCATALOG_COMPILER_APPICON_NAME = AppIcon;
				CODE_SIGN_STYLE = Automatic;
				DEVELOPMENT_TEAM = THS9SRQVES;
				INFOPLIST_FILE = APITemplateProject_OC/Info.plist;
				LD_RUNPATH_SEARCH_PATHS = (
					"$(inherited)",
					"@executable_path/Frameworks",
				);
				PRODUCT_BUNDLE_IDENTIFIER = "casa.APITemplateProject-OC";
				PRODUCT_NAME = "$(TARGET_NAME)";
				TARGETED_DEVICE_FAMILY = "1,2";
			};
			name = Debug;
		};
		4A8E786D223FDCA8002C0806 /* Release */ = {
			isa = XCBuildConfiguration;
			baseConfigurationReference = 000B70B04D61C98E8690A48A /* Pods-APITemplateProject_OC.release.xcconfig */;
			buildSettings = {
				ASSETCATALOG_COMPILER_APPICON_NAME = AppIcon;
				CODE_SIGN_STYLE = Automatic;
				DEVELOPMENT_TEAM = THS9SRQVES;
				INFOPLIST_FILE = APITemplateProject_OC/Info.plist;
				LD_RUNPATH_SEARCH_PATHS = (
					"$(inherited)",
					"@executable_path/Frameworks",
				);
				PRODUCT_BUNDLE_IDENTIFIER = "casa.APITemplateProject-OC";
				PRODUCT_NAME = "$(TARGET_NAME)";
				TARGETED_DEVICE_FAMILY = "1,2";
			};
			name = Release;
		};
/* End XCBuildConfiguration section */

/* Begin XCConfigurationList section */
		4A8E7850223FDCA8002C0806 /* Build configuration list for PBXProject "APITemplateProject_OC" */ = {
			isa = XCConfigurationList;
			buildConfigurations = (
				4A8E7869223FDCA8002C0806 /* Debug */,
				4A8E786A223FDCA8002C0806 /* Release */,
			);
			defaultConfigurationIsVisible = 0;
			defaultConfigurationName = Release;
		};
		4A8E786B223FDCA8002C0806 /* Build configuration list for PBXNativeTarget "APITemplateProject_OC" */ = {
			isa = XCConfigurationList;
			buildConfigurations = (
				4A8E786C223FDCA8002C0806 /* Debug */,
				4A8E786D223FDCA8002C0806 /* Release */,
			);
			defaultConfigurationIsVisible = 0;
			defaultConfigurationName = Release;
		};
/* End XCConfigurationList section */
	};
	rootObject = 4A8E784D223FDCA8002C0806 /* Project object */;
}
